PODS:
  - Nimble (7.1.1)
  - Quick (1.3.0)
  - TXIBootstrap (0.1.2):
    - TXIBootstrap/EnvironmentManager (= 0.1.2)
    - TXIBootstrap/LogManager (= 0.1.2)
    - TXIBootstrap/ObserverManager (= 0.1.2)
    - TXIBootstrap/UIColorExtensions (= 0.1.2)
  - TXIBootstrap/EnvironmentManager (0.1.2):
    - TXIBootstrap/LogManager
  - TXIBootstrap/LogManager (0.1.2):
    - TXIBootstrap/UIColorExtensions
  - TXIBootstrap/ObserverManager (0.1.2)
  - TXIBootstrap/UIColorExtensions (0.1.2)

DEPENDENCIES:
  - Nimble
  - Quick
  - TXIBootstrap (from `../`)

EXTERNAL SOURCES:
  TXIBootstrap:
    :path: ../

SPEC CHECKSUMS:
  Nimble: 391f07782af4b37914f9bd7b2ffbb952731b8202
  Quick: 03278013f71aa05fe9ecabc94fbcc6835f1ee76f
  TXIBootstrap: 42f6ed7c667128d7da617a87d027932607d54128

PODFILE CHECKSUM: da570f22ebd7f6f7739aad37535b3808e4d20602

COCOAPODS: 1.4.0
